
Microsoft Visual Studio Solution File, Format Version 11.00
# Visual Studio 2010
Project("{FAE04EC0-301F-11D3-BF4B-00C04F79EFBC}") = "mapita", "Assembly-CSharp.csproj", "{FF65CAA2-A1CC-552B-414A-6D43D17FF774}"
EndProject
Project("{FAE04EC0-301F-11D3-BF4B-00C04F79EFBC}") = "mapita", "Assembly-CSharp-Editor.csproj", "{9260E7D8-9813-6522-751D-F50C629A423D}"
EndProject
Global
	GlobalSection(SolutionConfigurationPlatforms) = preSolution
		Debug|Any CPU = Debug|Any CPU
		Release|Any CPU = Release|Any CPU
	EndGlobalSection
	GlobalSection(ProjectConfigurationPlatforms) = postSolution
		{FF65CAA2-A1CC-552B-414A-6D43D17FF774}.Debug|Any CPU.ActiveCfg = Debug|Any CPU
		{FF65CAA2-A1CC-552B-414A-6D43D17FF774}.Debug|Any CPU.Build.0 = Debug|Any CPU
		{FF65CAA2-A1CC-552B-414A-6D43D17FF774}.Release|Any CPU.ActiveCfg = Release|Any CPU
		{FF65CAA2-A1CC-552B-414A-6D43D17FF774}.Release|Any CPU.Build.0 = Release|Any CPU
		{9260E7D8-9813-6522-751D-F50C629A423D}.Debug|Any CPU.ActiveCfg = Debug|Any CPU
		{9260E7D8-9813-6522-751D-F50C629A423D}.Debug|Any CPU.Build.0 = Debug|Any CPU
		{9260E7D8-9813-6522-751D-F50C629A423D}.Release|Any CPU.ActiveCfg = Release|Any CPU
		{9260E7D8-9813-6522-751D-F50C629A423D}.Release|Any CPU.Build.0 = Release|Any CPU
	EndGlobalSection
	GlobalSection(SolutionProperties) = preSolution
		HideSolutionNode = FALSE
	EndGlobalSection
	GlobalSection(MonoDevelopProperties) = preSolution
		StartupItem = Assembly-CSharp.csproj
	EndGlobalSection
EndGlobal
